
Microsoft Visual Studio Solution File, Format Version 12.00
# Visual Studio Version 17
VisualStudioVersion = 17.0.32014.148
MinimumVisualStudioVersion = 10.0.40219.1
Project("{9A19103F-16F7-4668-BE54-9A1E7A4F7556}") = "CarDirectoryTestApp", "CarDirectoryTestApp\CarDirectoryTestApp.csproj", "{5ED9F137-3462-4B60-947B-FEFCBB21147A}"
EndProject
Global
	GlobalSection(SolutionConfigurationPlatforms) = preSolution
		Debug|Any CPU = Debug|Any CPU
		Release|Any CPU = Release|Any CPU
	EndGlobalSection
	GlobalSection(ProjectConfigurationPlatforms) = postSolution
		{5ED9F137-3462-4B60-947B-FEFCBB21147A}.Debug|Any CPU.ActiveCfg = Debug|Any CPU
		{5ED9F137-3462-4B60-947B-FEFCBB21147A}.Debug|Any CPU.Build.0 = Debug|Any CPU
		{5ED9F137-3462-4B60-947B-FEFCBB21147A}.Release|Any CPU.ActiveCfg = Release|Any CPU
		{5ED9F137-3462-4B60-947B-FEFCBB21147A}.Release|Any CPU.Build.0 = Release|Any CPU
	EndGlobalSection
	GlobalSection(SolutionProperties) = preSolution
		HideSolutionNode = FALSE
	EndGlobalSection
	GlobalSection(ExtensibilityGlobals) = postSolution
		SolutionGuid = {10705ED9-24A0-4FEA-8FB0-24087136E09E}
	EndGlobalSection
EndGlobal
